
Microsoft Visual Studio Solution File, Format Version 12.00
# Visual Studio Version 16
VisualStudioVersion = 16.0.30611.23
MinimumVisualStudioVersion = 10.0.40219.1
Project("{FAE04EC0-301F-11D3-BF4B-00C04F79EFBC}") = "ADETQ3_BENJIE_BARCELA", "ADETQ3_BENJIE_BARCELA\ADETQ3_BENJIE_BARCELA.csproj", "{0B704F63-859E-4022-A5A1-9152F0041F6C}"
EndProject
Global
	GlobalSection(SolutionConfigurationPlatforms) = preSolution
		Debug|Any CPU = Debug|Any CPU
		Release|Any CPU = Release|Any CPU
	EndGlobalSection
	GlobalSection(ProjectConfigurationPlatforms) = postSolution
		{0B704F63-859E-4022-A5A1-9152F0041F6C}.Debug|Any CPU.ActiveCfg = Debug|Any CPU
		{0B704F63-859E-4022-A5A1-9152F0041F6C}.Debug|Any CPU.Build.0 = Debug|Any CPU
		{0B704F63-859E-4022-A5A1-9152F0041F6C}.Release|Any CPU.ActiveCfg = Release|Any CPU
		{0B704F63-859E-4022-A5A1-9152F0041F6C}.Release|Any CPU.Build.0 = Release|Any CPU
	EndGlobalSection
	GlobalSection(SolutionProperties) = preSolution
		HideSolutionNode = FALSE
	EndGlobalSection
	GlobalSection(ExtensibilityGlobals) = postSolution
		SolutionGuid = {5A1C0BAE-EB8E-46BA-B833-15879A3462D0}
	EndGlobalSection
EndGlobal
